<?xml version="1.0" encoding="utf-8"?>
<Project ToolsVersion="4.0" xmlns="http://schemas.microsoft.com/developer/msbuild/2003">
  <ItemGroup>
    <Filter Include="RageV">
      <UniqueIdentifier>{BACD010E-26E2-29BF-EF63-CD1E5B3726F0}</UniqueIdentifier>
    </Filter>
    <Filter Include="RageV\Events">
      <UniqueIdentifier>{5E84A34D-4AE7-32F2-F36C-6BA8DFAEFE74}</UniqueIdentifier>
    </Filter>
  </ItemGroup>
  <ItemGroup>
    <ClInclude Include="src\RageV.h" />
    <ClInclude Include="src\RageV\Application.h">
      <Filter>RageV</Filter>
    </ClInclude>
    <ClInclude Include="src\RageV\Core.h">
      <Filter>RageV</Filter>
    </ClInclude>
    <ClInclude Include="src\RageV\Entrypoint.h">
      <Filter>RageV</Filter>
    </ClInclude>
    <ClInclude Include="src\RageV\Events\ApplicationEvent.h">
      <Filter>RageV\Events</Filter>
    </ClInclude>
    <ClInclude Include="src\RageV\Events\Event.h">
      <Filter>RageV\Events</Filter>
    </ClInclude>
    <ClInclude Include="src\RageV\Events\KeyEvent.h">
      <Filter>RageV\Events</Filter>
    </ClInclude>
    <ClInclude Include="src\RageV\Events\MouseEvent.h">
      <Filter>RageV\Events</Filter>
    </ClInclude>
    <ClInclude Include="src\RageV\Log.h">
      <Filter>RageV</Filter>
    </ClInclude>
    <ClInclude Include="src\rvpch.h" />
  </ItemGroup>
  <ItemGroup>
    <ClCompile Include="src\RageV\Application.cpp">
      <Filter>RageV</Filter>
    </ClCompile>
    <ClCompile Include="src\RageV\Log.cpp">
      <Filter>RageV</Filter>
    </ClCompile>
    <ClCompile Include="src\rvpch.cpp" />
  </ItemGroup>
</Project>